// !$*UTF8*$!
{
	archiveVersion = 1;
	classes = {
	};
	objectVersion = 50;
	objects = {

/* Begin PBXBuildFile section */
		4D1E990A2240ECB50045A16F /* AppDelegate.m in Sources */ = {isa = PBXBuildFile; fileRef = 4D1E99092240ECB50045A16F /* AppDelegate.m */; };
		4D1E990D2240ECB50045A16F /* ViewController.m in Sources */ = {isa = PBXBuildFile; fileRef = 4D1E990C2240ECB50045A16F /* ViewController.m */; };
		4D1E99102240ECB50045A16F /* Main.storyboard in Resources */ = {isa = PBXBuildFile; fileRef = 4D1E990E2240ECB50045A16F /* Main.storyboard */; };
		4D1E99122240ECB70045A16F /* Assets.xcassets in Resources */ = {isa = PBXBuildFile; fileRef = 4D1E99112240ECB70045A16F /* Assets.xcassets */; };
		4D1E99152240ECB70045A16F /* LaunchScreen.storyboard in Resources */ = {isa = PBXBuildFile; fileRef = 4D1E99132240ECB70045A16F /* LaunchScreen.storyboard */; };
		4D1E99182240ECB70045A16F /* main.m in Sources */ = {isa = PBXBuildFile; fileRef = 4D1E99172240ECB70045A16F /* main.m */; };
		4D8CE0692241EBEF00839C90 /* WGScrollTextView.h in Headers */ = {isa = PBXBuildFile; fileRef = 4D8CE0582241EBEF00839C90 /* WGScrollTextView.h */; settings = {ATTRIBUTES = (Public, ); }; };
		4D8CE06A2241EBEF00839C90 /* LMJScrollTextView2.m in Sources */ = {isa = PBXBuildFile; fileRef = 4D8CE0592241EBEF00839C90 /* LMJScrollTextView2.m */; };
		4D8CE06B2241EBEF00839C90 /* LMJScrollTextView2.h in Headers */ = {isa = PBXBuildFile; fileRef = 4D8CE05A2241EBEF00839C90 /* LMJScrollTextView2.h */; settings = {ATTRIBUTES = (Public, ); }; };
		4D8CE06C2241EBEF00839C90 /* WGMapView.h in Headers */ = {isa = PBXBuildFile; fileRef = 4D8CE05C2241EBEF00839C90 /* WGMapView.h */; settings = {ATTRIBUTES = (Public, ); }; };
		4D8CE06D2241EBEF00839C90 /* JZLocationConverter.m in Sources */ = {isa = PBXBuildFile; fileRef = 4D8CE05D2241EBEF00839C90 /* JZLocationConverter.m */; };
		4D8CE06E2241EBEF00839C90 /* KCAnnotation.m in Sources */ = {isa = PBXBuildFile; fileRef = 4D8CE05E2241EBEF00839C90 /* KCAnnotation.m */; };
		4D8CE06F2241EBEF00839C90 /* WWAnnotationView.h in Headers */ = {isa = PBXBuildFile; fileRef = 4D8CE05F2241EBEF00839C90 /* WWAnnotationView.h */; settings = {ATTRIBUTES = (Public, ); }; };
		4D8CE0702241EBEF00839C90 /* JZLocationConverter.h in Headers */ = {isa = PBXBuildFile; fileRef = 4D8CE0602241EBEF00839C90 /* JZLocationConverter.h */; settings = {ATTRIBUTES = (Public, ); }; };
		4D8CE0712241EBEF00839C90 /* KCAnnotation.h in Headers */ = {isa = PBXBuildFile; fileRef = 4D8CE0612241EBEF00839C90 /* KCAnnotation.h */; settings = {ATTRIBUTES = (Public, ); }; };
		4D8CE0722241EBEF00839C90 /* WWAnnotationView.m in Sources */ = {isa = PBXBuildFile; fileRef = 4D8CE0622241EBEF00839C90 /* WWAnnotationView.m */; };
		4D8CE0732241EBEF00839C90 /* WGJiayouViews.h in Headers */ = {isa = PBXBuildFile; fileRef = 4D8CE0632241EBEF00839C90 /* WGJiayouViews.h */; settings = {ATTRIBUTES = (Public, ); }; };
		4D8CE0742241EBEF00839C90 /* WGPayView.m in Sources */ = {isa = PBXBuildFile; fileRef = 4D8CE0652241EBEF00839C90 /* WGPayView.m */; };
		4D8CE0752241EBEF00839C90 /* WGPayView.h in Headers */ = {isa = PBXBuildFile; fileRef = 4D8CE0662241EBEF00839C90 /* WGPayView.h */; settings = {ATTRIBUTES = (Public, ); }; };
		4D8CE0762241EBEF00839C90 /* WGPayView.xib in Resources */ = {isa = PBXBuildFile; fileRef = 4D8CE0672241EBEF00839C90 /* WGPayView.xib */; };
		4D8CE0772241EBEF00839C90 /* Resources.bundle in Resources */ = {isa = PBXBuildFile; fileRef = 4D8CE0682241EBEF00839C90 /* Resources.bundle */; };
		4D8CE07A2241EDD600839C90 /* WGJiayouViews.framework in Frameworks */ = {isa = PBXBuildFile; fileRef = 4D8CE04F2241EBD600839C90 /* WGJiayouViews.framework */; };
		4D8CE0852241F2CC00839C90 /* Masonry.framework in Frameworks */ = {isa = PBXBuildFile; fileRef = 4D8CE0822241F2A400839C90 /* Masonry.framework */; };
		4D8CE0F622420D7500839C90 /* WGCycleScrollView.h in Headers */ = {isa = PBXBuildFile; fileRef = 4D8CE0E622420D7400839C90 /* WGCycleScrollView.h */; settings = {ATTRIBUTES = (Public, ); }; };
		4D8CE0F722420D7500839C90 /* SDCycleScrollView.m in Sources */ = {isa = PBXBuildFile; fileRef = 4D8CE0E722420D7400839C90 /* SDCycleScrollView.m */; };
		4D8CE0F822420D7500839C90 /* UIView+SDExtension.m in Sources */ = {isa = PBXBuildFile; fileRef = 4D8CE0E822420D7400839C90 /* UIView+SDExtension.m */; };
		4D8CE0F922420D7500839C90 /* SDCollectionViewCell.m in Sources */ = {isa = PBXBuildFile; fileRef = 4D8CE0E922420D7400839C90 /* SDCollectionViewCell.m */; };
		4D8CE0FA22420D7500839C90 /* SDCollectionViewCell.h in Headers */ = {isa = PBXBuildFile; fileRef = 4D8CE0EA22420D7400839C90 /* SDCollectionViewCell.h */; settings = {ATTRIBUTES = (Public, ); }; };
		4D8CE0FB22420D7500839C90 /* UIView+SDExtension.h in Headers */ = {isa = PBXBuildFile; fileRef = 4D8CE0EB22420D7400839C90 /* UIView+SDExtension.h */; settings = {ATTRIBUTES = (Public, ); }; };
		4D8CE0FC22420D7500839C90 /* TAAbstractDotView.h in Headers */ = {isa = PBXBuildFile; fileRef = 4D8CE0ED22420D7500839C90 /* TAAbstractDotView.h */; settings = {ATTRIBUTES = (Public, ); }; };
		4D8CE0FD22420D7500839C90 /* TADotView.m in Sources */ = {isa = PBXBuildFile; fileRef = 4D8CE0EE22420D7500839C90 /* TADotView.m */; };
		4D8CE0FE22420D7500839C90 /* TAPageControl.m in Sources */ = {isa = PBXBuildFile; fileRef = 4D8CE0EF22420D7500839C90 /* TAPageControl.m */; };
		4D8CE0FF22420D7500839C90 /* TAAnimatedDotView.m in Sources */ = {isa = PBXBuildFile; fileRef = 4D8CE0F022420D7500839C90 /* TAAnimatedDotView.m */; };
		4D8CE10022420D7500839C90 /* TAAbstractDotView.m in Sources */ = {isa = PBXBuildFile; fileRef = 4D8CE0F122420D7500839C90 /* TAAbstractDotView.m */; };
		4D8CE10122420D7500839C90 /* TADotView.h in Headers */ = {isa = PBXBuildFile; fileRef = 4D8CE0F222420D7500839C90 /* TADotView.h */; settings = {ATTRIBUTES = (Public, ); }; };
		4D8CE10222420D7500839C90 /* TAAnimatedDotView.h in Headers */ = {isa = PBXBuildFile; fileRef = 4D8CE0F322420D7500839C90 /* TAAnimatedDotView.h */; settings = {ATTRIBUTES = (Public, ); }; };
		4D8CE10322420D7500839C90 /* TAPageControl.h in Headers */ = {isa = PBXBuildFile; fileRef = 4D8CE0F422420D7500839C90 /* TAPageControl.h */; settings = {ATTRIBUTES = (Public, ); }; };
		4D8CE10422420D7500839C90 /* SDCycleScrollView.h in Headers */ = {isa = PBXBuildFile; fileRef = 4D8CE0F522420D7500839C90 /* SDCycleScrollView.h */; settings = {ATTRIBUTES = (Public, ); }; };
		4D8CE10522420DA900839C90 /* SDWebImage.framework in Frameworks */ = {isa = PBXBuildFile; fileRef = 4D8CE0812241F2A400839C90 /* SDWebImage.framework */; };
		4D8CE10A2242116D00839C90 /* Masonry.framework in Frameworks */ = {isa = PBXBuildFile; fileRef = 4D8CE0822241F2A400839C90 /* Masonry.framework */; };
		4D8CE10B2242116D00839C90 /* Masonry.framework in Embed Frameworks */ = {isa = PBXBuildFile; fileRef = 4D8CE0822241F2A400839C90 /* Masonry.framework */; settings = {ATTRIBUTES = (CodeSignOnCopy, RemoveHeadersOnCopy, ); }; };
		4D8CE10C2242116D00839C90 /* SDWebImage.framework in Frameworks */ = {isa = PBXBuildFile; fileRef = 4D8CE0812241F2A400839C90 /* SDWebImage.framework */; };
		4D8CE10D2242116D00839C90 /* SDWebImage.framework in Embed Frameworks */ = {isa = PBXBuildFile; fileRef = 4D8CE0812241F2A400839C90 /* SDWebImage.framework */; settings = {ATTRIBUTES = (CodeSignOnCopy, RemoveHeadersOnCopy, ); }; };
		4D8CE10F2242118B00839C90 /* WGCycleScrollView.framework in Frameworks */ = {isa = PBXBuildFile; fileRef = 4D8CE08B22420CAF00839C90 /* WGCycleScrollView.framework */; };
/* End PBXBuildFile section */

/* Begin PBXCopyFilesBuildPhase section */
		4D8CE10E2242116D00839C90 /* Embed Frameworks */ = {
			isa = PBXCopyFilesBuildPhase;
			buildActionMask = 2147483647;
			dstPath = "";
			dstSubfolderSpec = 10;
			files = (
				4D8CE10D2242116D00839C90 /* SDWebImage.framework in Embed Frameworks */,
				4D8CE10B2242116D00839C90 /* Masonry.framework in Embed Frameworks */,
			);
			name = "Embed Frameworks";
			runOnlyForDeploymentPostprocessing = 0;
		};
/* End PBXCopyFilesBuildPhase section */

/* Begin PBXFileReference section */
		4D1E99052240ECB50045A16F /* WGFrameworks.app */ = {isa = PBXFileReference; explicitFileType = wrapper.application; includeInIndex = 0; path = WGFrameworks.app; sourceTree = BUILT_PRODUCTS_DIR; };
		4D1E99082240ECB50045A16F /* AppDelegate.h */ = {isa = PBXFileReference; lastKnownFileType = sourcecode.c.h; path = AppDelegate.h; sourceTree = "<group>"; };
		4D1E99092240ECB50045A16F /* AppDelegate.m */ = {isa = PBXFileReference; lastKnownFileType = sourcecode.c.objc; path = AppDelegate.m; sourceTree = "<group>"; };
		4D1E990B2240ECB50045A16F /* ViewController.h */ = {isa = PBXFileReference; lastKnownFileType = sourcecode.c.h; path = ViewController.h; sourceTree = "<group>"; };
		4D1E990C2240ECB50045A16F /* ViewController.m */ = {isa = PBXFileReference; lastKnownFileType = sourcecode.c.objc; path = ViewController.m; sourceTree = "<group>"; };
		4D1E990F2240ECB50045A16F /* Base */ = {isa = PBXFileReference; lastKnownFileType = file.storyboard; name = Base; path = Base.lproj/Main.storyboard; sourceTree = "<group>"; };
		4D1E99112240ECB70045A16F /* Assets.xcassets */ = {isa = PBXFileReference; lastKnownFileType = folder.assetcatalog; path = Assets.xcassets; sourceTree = "<group>"; };
		4D1E99142240ECB70045A16F /* Base */ = {isa = PBXFileReference; lastKnownFileType = file.storyboard; name = Base; path = Base.lproj/LaunchScreen.storyboard; sourceTree = "<group>"; };
		4D1E99162240ECB70045A16F /* Info.plist */ = {isa = PBXFileReference; lastKnownFileType = text.plist.xml; path = Info.plist; sourceTree = "<group>"; };
		4D1E99172240ECB70045A16F /* main.m */ = {isa = PBXFileReference; lastKnownFileType = sourcecode.c.objc; path = main.m; sourceTree = "<group>"; };
		4D8CE04F2241EBD600839C90 /* WGJiayouViews.framework */ = {isa = PBXFileReference; explicitFileType = wrapper.framework; includeInIndex = 0; path = WGJiayouViews.framework; sourceTree = BUILT_PRODUCTS_DIR; };
		4D8CE0522241EBD600839C90 /* Info.plist */ = {isa = PBXFileReference; lastKnownFileType = text.plist.xml; path = Info.plist; sourceTree = "<group>"; };
		4D8CE0582241EBEF00839C90 /* WGScrollTextView.h */ = {isa = PBXFileReference; fileEncoding = 4; lastKnownFileType = sourcecode.c.h; path = WGScrollTextView.h; sourceTree = "<group>"; };
		4D8CE0592241EBEF00839C90 /* LMJScrollTextView2.m */ = {isa = PBXFileReference; fileEncoding = 4; lastKnownFileType = sourcecode.c.objc; path = LMJScrollTextView2.m; sourceTree = "<group>"; };
		4D8CE05A2241EBEF00839C90 /* LMJScrollTextView2.h */ = {isa = PBXFileReference; fileEncoding = 4; lastKnownFileType = sourcecode.c.h; path = LMJScrollTextView2.h; sourceTree = "<group>"; };
		4D8CE05C2241EBEF00839C90 /* WGMapView.h */ = {isa = PBXFileReference; fileEncoding = 4; lastKnownFileType = sourcecode.c.h; path = WGMapView.h; sourceTree = "<group>"; };
		4D8CE05D2241EBEF00839C90 /* JZLocationConverter.m */ = {isa = PBXFileReference; fileEncoding = 4; lastKnownFileType = sourcecode.c.objc; path = JZLocationConverter.m; sourceTree = "<group>"; };
		4D8CE05E2241EBEF00839C90 /* KCAnnotation.m */ = {isa = PBXFileReference; fileEncoding = 4; lastKnownFileType = sourcecode.c.objc; path = KCAnnotation.m; sourceTree = "<group>"; };
		4D8CE05F2241EBEF00839C90 /* WWAnnotationView.h */ = {isa = PBXFileReference; fileEncoding = 4; lastKnownFileType = sourcecode.c.h; path = WWAnnotationView.h; sourceTree = "<group>"; };
		4D8CE0602241EBEF00839C90 /* JZLocationConverter.h */ = {isa = PBXFileReference; fileEncoding = 4; lastKnownFileType = sourcecode.c.h; path = JZLocationConverter.h; sourceTree = "<group>"; };
		4D8CE0612241EBEF00839C90 /* KCAnnotation.h */ = {isa = PBXFileReference; fileEncoding = 4; lastKnownFileType = sourcecode.c.h; path = KCAnnotation.h; sourceTree = "<group>"; };
		4D8CE0622241EBEF00839C90 /* WWAnnotationView.m */ = {isa = PBXFileReference; fileEncoding = 4; lastKnownFileType = sourcecode.c.objc; path = WWAnnotationView.m; sourceTree = "<group>"; };
		4D8CE0632241EBEF00839C90 /* WGJiayouViews.h */ = {isa = PBXFileReference; fileEncoding = 4; lastKnownFileType = sourcecode.c.h; path = WGJiayouViews.h; sourceTree = "<group>"; };
		4D8CE0652241EBEF00839C90 /* WGPayView.m */ = {isa = PBXFileReference; fileEncoding = 4; lastKnownFileType = sourcecode.c.objc; path = WGPayView.m; sourceTree = "<group>"; };
		4D8CE0662241EBEF00839C90 /* WGPayView.h */ = {isa = PBXFileReference; fileEncoding = 4; lastKnownFileType = sourcecode.c.h; path = WGPayView.h; sourceTree = "<group>"; };
		4D8CE0672241EBEF00839C90 /* WGPayView.xib */ = {isa = PBXFileReference; fileEncoding = 4; lastKnownFileType = file.xib; path = WGPayView.xib; sourceTree = "<group>"; };
		4D8CE0682241EBEF00839C90 /* Resources.bundle */ = {isa = PBXFileReference; lastKnownFileType = "wrapper.plug-in"; path = Resources.bundle; sourceTree = "<group>"; };
		4D8CE0812241F2A400839C90 /* SDWebImage.framework */ = {isa = PBXFileReference; lastKnownFileType = wrapper.framework; path = SDWebImage.framework; sourceTree = "<group>"; };
		4D8CE0822241F2A400839C90 /* Masonry.framework */ = {isa = PBXFileReference; lastKnownFileType = wrapper.framework; path = Masonry.framework; sourceTree = "<group>"; };
		4D8CE08B22420CAF00839C90 /* WGCycleScrollView.framework */ = {isa = PBXFileReference; explicitFileType = wrapper.framework; includeInIndex = 0; path = WGCycleScrollView.framework; sourceTree = BUILT_PRODUCTS_DIR; };
		4D8CE08E22420CAF00839C90 /* Info.plist */ = {isa = PBXFileReference; lastKnownFileType = text.plist.xml; path = Info.plist; sourceTree = "<group>"; };
		4D8CE0E622420D7400839C90 /* WGCycleScrollView.h */ = {isa = PBXFileReference; fileEncoding = 4; lastKnownFileType = sourcecode.c.h; path = WGCycleScrollView.h; sourceTree = "<group>"; };
		4D8CE0E722420D7400839C90 /* SDCycleScrollView.m */ = {isa = PBXFileReference; fileEncoding = 4; lastKnownFileType = sourcecode.c.objc; path = SDCycleScrollView.m; sourceTree = "<group>"; };
		4D8CE0E822420D7400839C90 /* UIView+SDExtension.m */ = {isa = PBXFileReference; fileEncoding = 4; lastKnownFileType = sourcecode.c.objc; path = "UIView+SDExtension.m"; sourceTree = "<group>"; };
		4D8CE0E922420D7400839C90 /* SDCollectionViewCell.m */ = {isa = PBXFileReference; fileEncoding = 4; lastKnownFileType = sourcecode.c.objc; path = SDCollectionViewCell.m; sourceTree = "<group>"; };
		4D8CE0EA22420D7400839C90 /* SDCollectionViewCell.h */ = {isa = PBXFileReference; fileEncoding = 4; lastKnownFileType = sourcecode.c.h; path = SDCollectionViewCell.h; sourceTree = "<group>"; };
		4D8CE0EB22420D7400839C90 /* UIView+SDExtension.h */ = {isa = PBXFileReference; fileEncoding = 4; lastKnownFileType = sourcecode.c.h; path = "UIView+SDExtension.h"; sourceTree = "<group>"; };
		4D8CE0ED22420D7500839C90 /* TAAbstractDotView.h */ = {isa = PBXFileReference; fileEncoding = 4; lastKnownFileType = sourcecode.c.h; path = TAAbstractDotView.h; sourceTree = "<group>"; };
		4D8CE0EE22420D7500839C90 /* TADotView.m */ = {isa = PBXFileReference; fileEncoding = 4; lastKnownFileType = sourcecode.c.objc; path = TADotView.m; sourceTree = "<group>"; };
		4D8CE0EF22420D7500839C90 /* TAPageControl.m */ = {isa = PBXFileReference; fileEncoding = 4; lastKnownFileType = sourcecode.c.objc; path = TAPageControl.m; sourceTree = "<group>"; };
		4D8CE0F022420D7500839C90 /* TAAnimatedDotView.m */ = {isa = PBXFileReference; fileEncoding = 4; lastKnownFileType = sourcecode.c.objc; path = TAAnimatedDotView.m; sourceTree = "<group>"; };
		4D8CE0F122420D7500839C90 /* TAAbstractDotView.m */ = {isa = PBXFileReference; fileEncoding = 4; lastKnownFileType = sourcecode.c.objc; path = TAAbstractDotView.m; sourceTree = "<group>"; };
		4D8CE0F222420D7500839C90 /* TADotView.h */ = {isa = PBXFileReference; fileEncoding = 4; lastKnownFileType = sourcecode.c.h; path = TADotView.h; sourceTree = "<group>"; };
		4D8CE0F322420D7500839C90 /* TAAnimatedDotView.h */ = {isa = PBXFileReference; fileEncoding = 4; lastKnownFileType = sourcecode.c.h; path = TAAnimatedDotView.h; sourceTree = "<group>"; };
		4D8CE0F422420D7500839C90 /* TAPageControl.h */ = {isa = PBXFileReference; fileEncoding = 4; lastKnownFileType = sourcecode.c.h; path = TAPageControl.h; sourceTree = "<group>"; };
		4D8CE0F522420D7500839C90 /* SDCycleScrollView.h */ = {isa = PBXFileReference; fileEncoding = 4; lastKnownFileType = sourcecode.c.h; path = SDCycleScrollView.h; sourceTree = "<group>"; };
/* End PBXFileReference section */

/* Begin PBXFrameworksBuildPhase section */
		4D1E99022240ECB50045A16F /* Frameworks */ = {
			isa = PBXFrameworksBuildPhase;
			buildActionMask = 2147483647;
			files = (
				4D8CE10F2242118B00839C90 /* WGCycleScrollView.framework in Frameworks */,
				4D8CE10A2242116D00839C90 /* Masonry.framework in Frameworks */,
				4D8CE10C2242116D00839C90 /* SDWebImage.framework in Frameworks */,
				4D8CE07A2241EDD600839C90 /* WGJiayouViews.framework in Frameworks */,
			);
			runOnlyForDeploymentPostprocessing = 0;
		};
		4D8CE04C2241EBD600839C90 /* Frameworks */ = {
			isa = PBXFrameworksBuildPhase;
			buildActionMask = 2147483647;
			files = (
				4D8CE0852241F2CC00839C90 /* Masonry.framework in Frameworks */,
			);
			runOnlyForDeploymentPostprocessing = 0;
		};
		4D8CE08822420CAF00839C90 /* Frameworks */ = {
			isa = PBXFrameworksBuildPhase;
			buildActionMask = 2147483647;
			files = (
				4D8CE10522420DA900839C90 /* SDWebImage.framework in Frameworks */,
			);
			runOnlyForDeploymentPostprocessing = 0;
		};
/* End PBXFrameworksBuildPhase section */

/* Begin PBXGroup section */
		4D1E98FC2240ECB50045A16F = {
			isa = PBXGroup;
			children = (
				4D1E99072240ECB50045A16F /* WGFrameworks */,
				4D8CE0502241EBD600839C90 /* WGJiayouViews */,
				4D8CE08C22420CAF00839C90 /* WGCycleScrollView */,
				4D8CE0802241F26700839C90 /* Frameworks */,
				4D1E99062240ECB50045A16F /* Products */,
			);
			sourceTree = "<group>";
		};
		4D1E99062240ECB50045A16F /* Products */ = {
			isa = PBXGroup;
			children = (
				4D1E99052240ECB50045A16F /* WGFrameworks.app */,
				4D8CE04F2241EBD600839C90 /* WGJiayouViews.framework */,
				4D8CE08B22420CAF00839C90 /* WGCycleScrollView.framework */,
			);
			name = Products;
			sourceTree = "<group>";
		};
		4D1E99072240ECB50045A16F /* WGFrameworks */ = {
			isa = PBXGroup;
			children = (
				4D1E99082240ECB50045A16F /* AppDelegate.h */,
				4D1E99092240ECB50045A16F /* AppDelegate.m */,
				4D1E990B2240ECB50045A16F /* ViewController.h */,
				4D1E990C2240ECB50045A16F /* ViewController.m */,
				4D1E990E2240ECB50045A16F /* Main.storyboard */,
				4D1E99112240ECB70045A16F /* Assets.xcassets */,
				4D1E99132240ECB70045A16F /* LaunchScreen.storyboard */,
				4D1E99162240ECB70045A16F /* Info.plist */,
				4D1E99172240ECB70045A16F /* main.m */,
			);
			path = WGFrameworks;
			sourceTree = "<group>";
		};
		4D8CE0502241EBD600839C90 /* WGJiayouViews */ = {
			isa = PBXGroup;
			children = (
				4D8CE0632241EBEF00839C90 /* WGJiayouViews.h */,
				4D8CE05B2241EBEF00839C90 /* WGMapView */,
				4D8CE0642241EBEF00839C90 /* WGPayView */,
				4D8CE0572241EBEF00839C90 /* WGScrollTextView */,
				4D8CE0522241EBD600839C90 /* Info.plist */,
			);
			path = WGJiayouViews;
			sourceTree = "<group>";
		};
		4D8CE0572241EBEF00839C90 /* WGScrollTextView */ = {
			isa = PBXGroup;
			children = (
				4D8CE0582241EBEF00839C90 /* WGScrollTextView.h */,
				4D8CE0592241EBEF00839C90 /* LMJScrollTextView2.m */,
				4D8CE05A2241EBEF00839C90 /* LMJScrollTextView2.h */,
			);
			path = WGScrollTextView;
			sourceTree = "<group>";
		};
		4D8CE05B2241EBEF00839C90 /* WGMapView */ = {
			isa = PBXGroup;
			children = (
				4D8CE05C2241EBEF00839C90 /* WGMapView.h */,
				4D8CE05D2241EBEF00839C90 /* JZLocationConverter.m */,
				4D8CE05E2241EBEF00839C90 /* KCAnnotation.m */,
				4D8CE05F2241EBEF00839C90 /* WWAnnotationView.h */,
				4D8CE0602241EBEF00839C90 /* JZLocationConverter.h */,
				4D8CE0612241EBEF00839C90 /* KCAnnotation.h */,
				4D8CE0622241EBEF00839C90 /* WWAnnotationView.m */,
			);
			path = WGMapView;
			sourceTree = "<group>";
		};
		4D8CE0642241EBEF00839C90 /* WGPayView */ = {
			isa = PBXGroup;
			children = (
				4D8CE0652241EBEF00839C90 /* WGPayView.m */,
				4D8CE0662241EBEF00839C90 /* WGPayView.h */,
				4D8CE0672241EBEF00839C90 /* WGPayView.xib */,
				4D8CE0682241EBEF00839C90 /* Resources.bundle */,
			);
			path = WGPayView;
			sourceTree = "<group>";
		};
		4D8CE0802241F26700839C90 /* Frameworks */ = {
			isa = PBXGroup;
			children = (
				4D8CE0822241F2A400839C90 /* Masonry.framework */,
				4D8CE0812241F2A400839C90 /* SDWebImage.framework */,
			);
			path = Frameworks;
			sourceTree = "<group>";
		};
		4D8CE08C22420CAF00839C90 /* WGCycleScrollView */ = {
			isa = PBXGroup;
			children = (
				4D8CE0E622420D7400839C90 /* WGCycleScrollView.h */,
				4D8CE0EA22420D7400839C90 /* SDCollectionViewCell.h */,
				4D8CE0E922420D7400839C90 /* SDCollectionViewCell.m */,
				4D8CE0F522420D7500839C90 /* SDCycleScrollView.h */,
				4D8CE0E722420D7400839C90 /* SDCycleScrollView.m */,
				4D8CE0EB22420D7400839C90 /* UIView+SDExtension.h */,
				4D8CE0E822420D7400839C90 /* UIView+SDExtension.m */,
				4D8CE0EC22420D7500839C90 /* PageControl */,
				4D8CE08E22420CAF00839C90 /* Info.plist */,
			);
			path = WGCycleScrollView;
			sourceTree = "<group>";
		};
		4D8CE0EC22420D7500839C90 /* PageControl */ = {
			isa = PBXGroup;
			children = (
				4D8CE0ED22420D7500839C90 /* TAAbstractDotView.h */,
				4D8CE0EE22420D7500839C90 /* TADotView.m */,
				4D8CE0EF22420D7500839C90 /* TAPageControl.m */,
				4D8CE0F022420D7500839C90 /* TAAnimatedDotView.m */,
				4D8CE0F122420D7500839C90 /* TAAbstractDotView.m */,
				4D8CE0F222420D7500839C90 /* TADotView.h */,
				4D8CE0F322420D7500839C90 /* TAAnimatedDotView.h */,
				4D8CE0F422420D7500839C90 /* TAPageControl.h */,
			);
			path = PageControl;
			sourceTree = "<group>";
		};
/* End PBXGroup section */

/* Begin PBXHeadersBuildPhase section */
		4D8CE04A2241EBD600839C90 /* Headers */ = {
			isa = PBXHeadersBuildPhase;
			buildActionMask = 2147483647;
			files = (
				4D8CE0732241EBEF00839C90 /* WGJiayouViews.h in Headers */,
				4D8CE06F2241EBEF00839C90 /* WWAnnotationView.h in Headers */,
				4D8CE0712241EBEF00839C90 /* KCAnnotation.h in Headers */,
				4D8CE06B2241EBEF00839C90 /* LMJScrollTextView2.h in Headers */,
				4D8CE0752241EBEF00839C90 /* WGPayView.h in Headers */,
				4D8CE06C2241EBEF00839C90 /* WGMapView.h in Headers */,
				4D8CE0702241EBEF00839C90 /* JZLocationConverter.h in Headers */,
				4D8CE0692241EBEF00839C90 /* WGScrollTextView.h in Headers */,
			);
			runOnlyForDeploymentPostprocessing = 0;
		};
		4D8CE08622420CAF00839C90 /* Headers */ = {
			isa = PBXHeadersBuildPhase;
			buildActionMask = 2147483647;
			files = (
				4D8CE10422420D7500839C90 /* SDCycleScrollView.h in Headers */,
				4D8CE0F622420D7500839C90 /* WGCycleScrollView.h in Headers */,
				4D8CE0FC22420D7500839C90 /* TAAbstractDotView.h in Headers */,
				4D8CE0FB22420D7500839C90 /* UIView+SDExtension.h in Headers */,
				4D8CE0FA22420D7500839C90 /* SDCollectionViewCell.h in Headers */,
				4D8CE10322420D7500839C90 /* TAPageControl.h in Headers */,
				4D8CE10122420D7500839C90 /* TADotView.h in Headers */,
				4D8CE10222420D7500839C90 /* TAAnimatedDotView.h in Headers */,
			);
			runOnlyForDeploymentPostprocessing = 0;
		};
/* End PBXHeadersBuildPhase section */

/* Begin PBXNativeTarget section */
		4D1E99042240ECB50045A16F /* WGFrameworks */ = {
			isa = PBXNativeTarget;
			buildConfigurationList = 4D1E991B2240ECB70045A16F /* Build configuration list for PBXNativeTarget "WGFrameworks" */;
			buildPhases = (
				4D1E99012240ECB50045A16F /* Sources */,
				4D1E99022240ECB50045A16F /* Frameworks */,
				4D1E99032240ECB50045A16F /* Resources */,
				4D1E991F2240EE860045A16F /* ShellScript */,
				4D8CE10E2242116D00839C90 /* Embed Frameworks */,
			);
			buildRules = (
			);
			dependencies = (
			);
			name = WGFrameworks;
			productName = WGFrameworks;
			productReference = 4D1E99052240ECB50045A16F /* WGFrameworks.app */;
			productType = "com.apple.product-type.application";
		};
		4D8CE04E2241EBD600839C90 /* WGJiayouViews */ = {
			isa = PBXNativeTarget;
			buildConfigurationList = 4D8CE0542241EBD600839C90 /* Build configuration list for PBXNativeTarget "WGJiayouViews" */;
			buildPhases = (
				4D8CE04A2241EBD600839C90 /* Headers */,
				4D8CE04B2241EBD600839C90 /* Sources */,
				4D8CE04C2241EBD600839C90 /* Frameworks */,
				4D8CE04D2241EBD600839C90 /* Resources */,
			);
			buildRules = (
			);
			dependencies = (
			);
			name = WGJiayouViews;
			productName = WGJiayouViews;
			productReference = 4D8CE04F2241EBD600839C90 /* WGJiayouViews.framework */;
			productType = "com.apple.product-type.framework";
		};
		4D8CE08A22420CAF00839C90 /* WGCycleScrollView */ = {
			isa = PBXNativeTarget;
			buildConfigurationList = 4D8CE09222420CAF00839C90 /* Build configuration list for PBXNativeTarget "WGCycleScrollView" */;
			buildPhases = (
				4D8CE08622420CAF00839C90 /* Headers */,
				4D8CE08722420CAF00839C90 /* Sources */,
				4D8CE08822420CAF00839C90 /* Frameworks */,
				4D8CE08922420CAF00839C90 /* Resources */,
			);
			buildRules = (
			);
			dependencies = (
			);
			name = WGCycleScrollView;
			productName = WGCycleScrollView;
			productReference = 4D8CE08B22420CAF00839C90 /* WGCycleScrollView.framework */;
			productType = "com.apple.product-type.framework";
		};
/* End PBXNativeTarget section */

/* Begin PBXProject section */
		4D1E98FD2240ECB50045A16F /* Project object */ = {
			isa = PBXProject;
			attributes = {
				CLASSPREFIX = WG;
				LastUpgradeCheck = 1010;
				ORGANIZATIONNAME = "赵宁";
				TargetAttributes = {
					4D1E99042240ECB50045A16F = {
						CreatedOnToolsVersion = 10.1;
					};
					4D8CE04E2241EBD600839C90 = {
						CreatedOnToolsVersion = 10.1;
					};
					4D8CE08A22420CAF00839C90 = {
						CreatedOnToolsVersion = 10.1;
					};
				};
			};
			buildConfigurationList = 4D1E99002240ECB50045A16F /* Build configuration list for PBXProject "WGFrameworks" */;
			compatibilityVersion = "Xcode 9.3";
			developmentRegion = en;
			hasScannedForEncodings = 0;
			knownRegions = (
				en,
				Base,
			);
			mainGroup = 4D1E98FC2240ECB50045A16F;
			productRefGroup = 4D1E99062240ECB50045A16F /* Products */;
			projectDirPath = "";
			projectRoot = "";
			targets = (
				4D1E99042240ECB50045A16F /* WGFrameworks */,
				4D8CE04E2241EBD600839C90 /* WGJiayouViews */,
				4D8CE08A22420CAF00839C90 /* WGCycleScrollView */,
			);
		};
/* End PBXProject section */

/* Begin PBXResourcesBuildPhase section */
		4D1E99032240ECB50045A16F /* Resources */ = {
			isa = PBXResourcesBuildPhase;
			buildActionMask = 2147483647;
			files = (
				4D1E99152240ECB70045A16F /* LaunchScreen.storyboard in Resources */,
				4D1E99122240ECB70045A16F /* Assets.xcassets in Resources */,
				4D1E99102240ECB50045A16F /* Main.storyboard in Resources */,
			);
			runOnlyForDeploymentPostprocessing = 0;
		};
		4D8CE04D2241EBD600839C90 /* Resources */ = {
			isa = PBXResourcesBuildPhase;
			buildActionMask = 2147483647;
			files = (
				4D8CE0762241EBEF00839C90 /* WGPayView.xib in Resources */,
				4D8CE0772241EBEF00839C90 /* Resources.bundle in Resources */,
			);
			runOnlyForDeploymentPostprocessing = 0;
		};
		4D8CE08922420CAF00839C90 /* Resources */ = {
			isa = PBXResourcesBuildPhase;
			buildActionMask = 2147483647;
			files = (
			);
			runOnlyForDeploymentPostprocessing = 0;
		};
/* End PBXResourcesBuildPhase section */

/* Begin PBXShellScriptBuildPhase section */
		4D1E991F2240EE860045A16F /* ShellScript */ = {
			isa = PBXShellScriptBuildPhase;
			buildActionMask = 2147483647;
			files = (
			);
			inputFileListPaths = (
			);
			inputPaths = (
			);
			outputFileListPaths = (
			);
			outputPaths = (
			);
			runOnlyForDeploymentPostprocessing = 0;
			shellPath = /bin/sh;
			shellScript = "
";
		};
/* End PBXShellScriptBuildPhase section */

/* Begin PBXSourcesBuildPhase section */
		4D1E99012240ECB50045A16F /* Sources */ = {
			isa = PBXSourcesBuildPhase;
			buildActionMask = 2147483647;
			files = (
				4D1E990D2240ECB50045A16F /* ViewController.m in Sources */,
				4D1E99182240ECB70045A16F /* main.m in Sources */,
				4D1E990A2240ECB50045A16F /* AppDelegate.m in Sources */,
			);
			runOnlyForDeploymentPostprocessing = 0;
		};
		4D8CE04B2241EBD600839C90 /* Sources */ = {
			isa = PBXSourcesBuildPhase;
			buildActionMask = 2147483647;
			files = (
				4D8CE06A2241EBEF00839C90 /* LMJScrollTextView2.m in Sources */,
				4D8CE0722241EBEF00839C90 /* WWAnnotationView.m in Sources */,
				4D8CE0742241EBEF00839C90 /* WGPayView.m in Sources */,
				4D8CE06D2241EBEF00839C90 /* JZLocationConverter.m in Sources */,
				4D8CE06E2241EBEF00839C90 /* KCAnnotation.m in Sources */,
			);
			runOnlyForDeploymentPostprocessing = 0;
		};
		4D8CE08722420CAF00839C90 /* Sources */ = {
			isa = PBXSourcesBuildPhase;
			buildActionMask = 2147483647;
			files = (
				4D8CE0F722420D7500839C90 /* SDCycleScrollView.m in Sources */,
				4D8CE0FD22420D7500839C90 /* TADotView.m in Sources */,
				4D8CE0FF22420D7500839C90 /* TAAnimatedDotView.m in Sources */,
				4D8CE10022420D7500839C90 /* TAAbstractDotView.m in Sources */,
				4D8CE0FE22420D7500839C90 /* TAPageControl.m in Sources */,
				4D8CE0F822420D7500839C90 /* UIView+SDExtension.m in Sources */,
				4D8CE0F922420D7500839C90 /* SDCollectionViewCell.m in Sources */,
			);
			runOnlyForDeploymentPostprocessing = 0;
		};
/* End PBXSourcesBuildPhase section */

/* Begin PBXVariantGroup section */
		4D1E990E2240ECB50045A16F /* Main.storyboard */ = {
			isa = PBXVariantGroup;
			children = (
				4D1E990F2240ECB50045A16F /* Base */,
			);
			name = Main.storyboard;
			sourceTree = "<group>";
		};
		4D1E99132240ECB70045A16F /* LaunchScreen.storyboard */ = {
			isa = PBXVariantGroup;
			children = (
				4D1E99142240ECB70045A16F /* Base */,
			);
			name = LaunchScreen.storyboard;
			sourceTree = "<group>";
		};
/* End PBXVariantGroup section */

/* Begin XCBuildConfiguration section */
		4D1E99192240ECB70045A16F /* Debug */ = {
			isa = XCBuildConfiguration;
			buildSettings = {
				ALWAYS_SEARCH_USER_PATHS = NO;
				CLANG_ANALYZER_NONNULL = YES;
				CLANG_ANALYZER_NUMBER_OBJECT_CONVERSION = YES_AGGRESSIVE;
				CLANG_CXX_LANGUAGE_STANDARD = "gnu++14";
				CLANG_CXX_LIBRARY = "libc++";
				CLANG_ENABLE_MODULES = YES;
				CLANG_ENABLE_OBJC_ARC = YES;
				CLANG_ENABLE_OBJC_WEAK = YES;
				CLANG_WARN_BLOCK_CAPTURE_AUTORELEASING = YES;
				CLANG_WARN_BOOL_CONVERSION = YES;
				CLANG_WARN_COMMA = YES;
				CLANG_WARN_CONSTANT_CONVERSION = YES;
				CLANG_WARN_DEPRECATED_OBJC_IMPLEMENTATIONS = YES;
				CLANG_WARN_DIRECT_OBJC_ISA_USAGE = YES_ERROR;
				CLANG_WARN_DOCUMENTATION_COMMENTS = YES;
				CLANG_WARN_EMPTY_BODY = YES;
				CLANG_WARN_ENUM_CONVERSION = YES;
				CLANG_WARN_INFINITE_RECURSION = YES;
				CLANG_WARN_INT_CONVERSION = YES;
				CLANG_WARN_NON_LITERAL_NULL_CONVERSION = YES;
				CLANG_WARN_OBJC_IMPLICIT_RETAIN_SELF = YES;
				CLANG_WARN_OBJC_LITERAL_CONVERSION = YES;
				CLANG_WARN_OBJC_ROOT_CLASS = YES_ERROR;
				CLANG_WARN_RANGE_LOOP_ANALYSIS = YES;
				CLANG_WARN_STRICT_PROTOTYPES = YES;
				CLANG_WARN_SUSPICIOUS_MOVE = YES;
				CLANG_WARN_UNGUARDED_AVAILABILITY = YES_AGGRESSIVE;
				CLANG_WARN_UNREACHABLE_CODE = YES;
				CLANG_WARN__DUPLICATE_METHOD_MATCH = YES;
				CODE_SIGN_IDENTITY = "iPhone Developer";
				COPY_PHASE_STRIP = NO;
				DEBUG_INFORMATION_FORMAT = dwarf;
				ENABLE_STRICT_OBJC_MSGSEND = YES;
				ENABLE_TESTABILITY = YES;
				GCC_C_LANGUAGE_STANDARD = gnu11;
				GCC_DYNAMIC_NO_PIC = NO;
				GCC_NO_COMMON_BLOCKS = YES;
				GCC_OPTIMIZATION_LEVEL = 0;
				GCC_PREPROCESSOR_DEFINITIONS = (
					"DEBUG=1",
					"$(inherited)",
				);
				GCC_WARN_64_TO_32_BIT_CONVERSION = YES;
				GCC_WARN_ABOUT_RETURN_TYPE = YES_ERROR;
				GCC_WARN_UNDECLARED_SELECTOR = YES;
				GCC_WARN_UNINITIALIZED_AUTOS = YES_AGGRESSIVE;
				GCC_WARN_UNUSED_FUNCTION = YES;
				GCC_WARN_UNUSED_VARIABLE = YES;
				IPHONEOS_DEPLOYMENT_TARGET = 12.1;
				MTL_ENABLE_DEBUG_INFO = INCLUDE_SOURCE;
				MTL_FAST_MATH = YES;
				ONLY_ACTIVE_ARCH = YES;
				SDKROOT = iphoneos;
			};
			name = Debug;
		};
		4D1E991A2240ECB70045A16F /* Release */ = {
			isa = XCBuildConfiguration;
			buildSettings = {
				ALWAYS_SEARCH_USER_PATHS = NO;
				CLANG_ANALYZER_NONNULL = YES;
				CLANG_ANALYZER_NUMBER_OBJECT_CONVERSION = YES_AGGRESSIVE;
				CLANG_CXX_LANGUAGE_STANDARD = "gnu++14";
				CLANG_CXX_LIBRARY = "libc++";
				CLANG_ENABLE_MODULES = YES;
				CLANG_ENABLE_OBJC_ARC = YES;
				CLANG_ENABLE_OBJC_WEAK = YES;
				CLANG_WARN_BLOCK_CAPTURE_AUTORELEASING = YES;
				CLANG_WARN_BOOL_CONVERSION = YES;
				CLANG_WARN_COMMA = YES;
				CLANG_WARN_CONSTANT_CONVERSION = YES;
				CLANG_WARN_DEPRECATED_OBJC_IMPLEMENTATIONS = YES;
				CLANG_WARN_DIRECT_OBJC_ISA_USAGE = YES_ERROR;
				CLANG_WARN_DOCUMENTATION_COMMENTS = YES;
				CLANG_WARN_EMPTY_BODY = YES;
				CLANG_WARN_ENUM_CONVERSION = YES;
				CLANG_WARN_INFINITE_RECURSION = YES;
				CLANG_WARN_INT_CONVERSION = YES;
				CLANG_WARN_NON_LITERAL_NULL_CONVERSION = YES;
				CLANG_WARN_OBJC_IMPLICIT_RETAIN_SELF = YES;
				CLANG_WARN_OBJC_LITERAL_CONVERSION = YES;
				CLANG_WARN_OBJC_ROOT_CLASS = YES_ERROR;
				CLANG_WARN_RANGE_LOOP_ANALYSIS = YES;
				CLANG_WARN_STRICT_PROTOTYPES = YES;
				CLANG_WARN_SUSPICIOUS_MOVE = YES;
				CLANG_WARN_UNGUARDED_AVAILABILITY = YES_AGGRESSIVE;
				CLANG_WARN_UNREACHABLE_CODE = YES;
				CLANG_WARN__DUPLICATE_METHOD_MATCH = YES;
				CODE_SIGN_IDENTITY = "iPhone Developer";
				COPY_PHASE_STRIP = NO;
				DEBUG_INFORMATION_FORMAT = "dwarf-with-dsym";
				ENABLE_NS_ASSERTIONS = NO;
				ENABLE_STRICT_OBJC_MSGSEND = YES;
				GCC_C_LANGUAGE_STANDARD = gnu11;
				GCC_NO_COMMON_BLOCKS = YES;
				GCC_WARN_64_TO_32_BIT_CONVERSION = YES;
				GCC_WARN_ABOUT_RETURN_TYPE = YES_ERROR;
				GCC_WARN_UNDECLARED_SELECTOR = YES;
				GCC_WARN_UNINITIALIZED_AUTOS = YES_AGGRESSIVE;
				GCC_WARN_UNUSED_FUNCTION = YES;
				GCC_WARN_UNUSED_VARIABLE = YES;
				IPHONEOS_DEPLOYMENT_TARGET = 12.1;
				MTL_ENABLE_DEBUG_INFO = NO;
				MTL_FAST_MATH = YES;
				SDKROOT = iphoneos;
				VALIDATE_PRODUCT = YES;
			};
			name = Release;
		};
		4D1E991C2240ECB70045A16F /* Debug */ = {
			isa = XCBuildConfiguration;
			buildSettings = {
				ASSETCATALOG_COMPILER_APPICON_NAME = AppIcon;
				CODE_SIGN_STYLE = Automatic;
				DEVELOPMENT_TEAM = 8674L53B22;
				FRAMEWORK_SEARCH_PATHS = (
					"$(inherited)",
					"$(PROJECT_DIR)/Carthage/Build/iOS",
					"$(PROJECT_DIR)/Frameworks",
				);
				INFOPLIST_FILE = WGFrameworks/Info.plist;
				IPHONEOS_DEPLOYMENT_TARGET = 9.0;
				LD_RUNPATH_SEARCH_PATHS = (
					"$(inherited)",
					"@executable_path/Frameworks",
				);
				PRODUCT_BUNDLE_IDENTIFIER = com.zhaoning.WGFrameworks;
				PRODUCT_NAME = "$(TARGET_NAME)";
				TARGETED_DEVICE_FAMILY = "1,2";
			};
			name = Debug;
		};
		4D1E991D2240ECB70045A16F /* Release */ = {
			isa = XCBuildConfiguration;
			buildSettings = {
				ASSETCATALOG_COMPILER_APPICON_NAME = AppIcon;
				CODE_SIGN_STYLE = Automatic;
				DEVELOPMENT_TEAM = 8674L53B22;
				FRAMEWORK_SEARCH_PATHS = (
					"$(inherited)",
					"$(PROJECT_DIR)/Carthage/Build/iOS",
					"$(PROJECT_DIR)/Frameworks",
				);
				INFOPLIST_FILE = WGFrameworks/Info.plist;
				IPHONEOS_DEPLOYMENT_TARGET = 9.0;
				LD_RUNPATH_SEARCH_PATHS = (
					"$(inherited)",
					"@executable_path/Frameworks",
				);
				PRODUCT_BUNDLE_IDENTIFIER = com.zhaoning.WGFrameworks;
				PRODUCT_NAME = "$(TARGET_NAME)";
				TARGETED_DEVICE_FAMILY = "1,2";
			};
			name = Release;
		};
		4D8CE0552241EBD600839C90 /* Debug */ = {
			isa = XCBuildConfiguration;
			buildSettings = {
				CODE_SIGN_IDENTITY = "";
				CODE_SIGN_STYLE = Automatic;
				CURRENT_PROJECT_VERSION = 1;
				DEFINES_MODULE = YES;
				DYLIB_COMPATIBILITY_VERSION = 1;
				DYLIB_CURRENT_VERSION = 1;
				DYLIB_INSTALL_NAME_BASE = "@rpath";
				FRAMEWORK_SEARCH_PATHS = (
					"$(inherited)",
					"$(PROJECT_DIR)/Carthage/Build/iOS",
					"$(PROJECT_DIR)/Frameworks",
				);
				INFOPLIST_FILE = WGJiayouViews/Info.plist;
				INSTALL_PATH = "$(LOCAL_LIBRARY_DIR)/Frameworks";
				IPHONEOS_DEPLOYMENT_TARGET = 9.0;
				LD_RUNPATH_SEARCH_PATHS = (
					"$(inherited)",
					"@executable_path/Frameworks",
					"@loader_path/Frameworks",
				);
				OTHER_CFLAGS = "-fembed-bitcode";
				PRODUCT_BUNDLE_IDENTIFIER = com.zhaoning.WGJiayouViews;
				PRODUCT_NAME = "$(TARGET_NAME:c99extidentifier)";
				SKIP_INSTALL = YES;
				TARGETED_DEVICE_FAMILY = "1,2";
				VERSIONING_SYSTEM = "apple-generic";
				VERSION_INFO_PREFIX = "";
			};
			name = Debug;
		};
		4D8CE0562241EBD600839C90 /* Release */ = {
			isa = XCBuildConfiguration;
			buildSettings = {
				CODE_SIGN_IDENTITY = "";
				CODE_SIGN_STYLE = Automatic;
				CURRENT_PROJECT_VERSION = 1;
				DEFINES_MODULE = YES;
				DYLIB_COMPATIBILITY_VERSION = 1;
				DYLIB_CURRENT_VERSION = 1;
				DYLIB_INSTALL_NAME_BASE = "@rpath";
				FRAMEWORK_SEARCH_PATHS = (
					"$(inherited)",
					"$(PROJECT_DIR)/Carthage/Build/iOS",
					"$(PROJECT_DIR)/Frameworks",
				);
				INFOPLIST_FILE = WGJiayouViews/Info.plist;
				INSTALL_PATH = "$(LOCAL_LIBRARY_DIR)/Frameworks";
				IPHONEOS_DEPLOYMENT_TARGET = 9.0;
				LD_RUNPATH_SEARCH_PATHS = (
					"$(inherited)",
					"@executable_path/Frameworks",
					"@loader_path/Frameworks",
				);
				OTHER_CFLAGS = "-fembed-bitcode";
				PRODUCT_BUNDLE_IDENTIFIER = com.zhaoning.WGJiayouViews;
				PRODUCT_NAME = "$(TARGET_NAME:c99extidentifier)";
				SKIP_INSTALL = YES;
				TARGETED_DEVICE_FAMILY = "1,2";
				VERSIONING_SYSTEM = "apple-generic";
				VERSION_INFO_PREFIX = "";
			};
			name = Release;
		};
		4D8CE09022420CAF00839C90 /* Debug */ = {
			isa = XCBuildConfiguration;
			buildSettings = {
				CODE_SIGN_IDENTITY = "";
				CODE_SIGN_STYLE = Automatic;
				CURRENT_PROJECT_VERSION = 1;
				DEFINES_MODULE = YES;
				DYLIB_COMPATIBILITY_VERSION = 1;
				DYLIB_CURRENT_VERSION = 1;
				DYLIB_INSTALL_NAME_BASE = "@rpath";
				FRAMEWORK_SEARCH_PATHS = (
					"$(inherited)",
					"$(PROJECT_DIR)/Frameworks",
				);
				INFOPLIST_FILE = WGCycleScrollView/Info.plist;
				INSTALL_PATH = "$(LOCAL_LIBRARY_DIR)/Frameworks";
				IPHONEOS_DEPLOYMENT_TARGET = 9.0;
				LD_RUNPATH_SEARCH_PATHS = (
					"$(inherited)",
					"@executable_path/Frameworks",
					"@loader_path/Frameworks",
				);
				OTHER_CFLAGS = "-fembed-bitcode";
				PRODUCT_BUNDLE_IDENTIFIER = com.zhaoning.WGCycleScrollView;
				PRODUCT_NAME = "$(TARGET_NAME:c99extidentifier)";
				SKIP_INSTALL = YES;
				TARGETED_DEVICE_FAMILY = "1,2";
				VERSIONING_SYSTEM = "apple-generic";
				VERSION_INFO_PREFIX = "";
			};
			name = Debug;
		};
		4D8CE09122420CAF00839C90 /* Release */ = {
			isa = XCBuildConfiguration;
			buildSettings = {
				CODE_SIGN_IDENTITY = "";
				CODE_SIGN_STYLE = Automatic;
				CURRENT_PROJECT_VERSION = 1;
				DEFINES_MODULE = YES;
				DYLIB_COMPATIBILITY_VERSION = 1;
				DYLIB_CURRENT_VERSION = 1;
				DYLIB_INSTALL_NAME_BASE = "@rpath";
				FRAMEWORK_SEARCH_PATHS = (
					"$(inherited)",
					"$(PROJECT_DIR)/Frameworks",
				);
				INFOPLIST_FILE = WGCycleScrollView/Info.plist;
				INSTALL_PATH = "$(LOCAL_LIBRARY_DIR)/Frameworks";
				IPHONEOS_DEPLOYMENT_TARGET = 9.0;
				LD_RUNPATH_SEARCH_PATHS = (
					"$(inherited)",
					"@executable_path/Frameworks",
					"@loader_path/Frameworks",
				);
				OTHER_CFLAGS = "-fembed-bitcode";
				PRODUCT_BUNDLE_IDENTIFIER = com.zhaoning.WGCycleScrollView;
				PRODUCT_NAME = "$(TARGET_NAME:c99extidentifier)";
				SKIP_INSTALL = YES;
				TARGETED_DEVICE_FAMILY = "1,2";
				VERSIONING_SYSTEM = "apple-generic";
				VERSION_INFO_PREFIX = "";
			};
			name = Release;
		};
/* End XCBuildConfiguration section */

/* Begin XCConfigurationList section */
		4D1E99002240ECB50045A16F /* Build configuration list for PBXProject "WGFrameworks" */ = {
			isa = XCConfigurationList;
			buildConfigurations = (
				4D1E99192240ECB70045A16F /* Debug */,
				4D1E991A2240ECB70045A16F /* Release */,
			);
			defaultConfigurationIsVisible = 0;
			defaultConfigurationName = Release;
		};
		4D1E991B2240ECB70045A16F /* Build configuration list for PBXNativeTarget "WGFrameworks" */ = {
			isa = XCConfigurationList;
			buildConfigurations = (
				4D1E991C2240ECB70045A16F /* Debug */,
				4D1E991D2240ECB70045A16F /* Release */,
			);
			defaultConfigurationIsVisible = 0;
			defaultConfigurationName = Release;
		};
		4D8CE0542241EBD600839C90 /* Build configuration list for PBXNativeTarget "WGJiayouViews" */ = {
			isa = XCConfigurationList;
			buildConfigurations = (
				4D8CE0552241EBD600839C90 /* Debug */,
				4D8CE0562241EBD600839C90 /* Release */,
			);
			defaultConfigurationIsVisible = 0;
			defaultConfigurationName = Release;
		};
		4D8CE09222420CAF00839C90 /* Build configuration list for PBXNativeTarget "WGCycleScrollView" */ = {
			isa = XCConfigurationList;
			buildConfigurations = (
				4D8CE09022420CAF00839C90 /* Debug */,
				4D8CE09122420CAF00839C90 /* Release */,
			);
			defaultConfigurationIsVisible = 0;
			defaultConfigurationName = Release;
		};
/* End XCConfigurationList section */
	};
	rootObject = 4D1E98FD2240ECB50045A16F /* Project object */;
}
